
Microsoft Visual Studio Solution File, Format Version 12.00
# Visual Studio Version 17
VisualStudioVersion = 17.8.34330.188
MinimumVisualStudioVersion = 10.0.40219.1
Project("{FAE04EC0-301F-11D3-BF4B-00C04F79EFBC}") = "AboutCatFinalProjectHuynhLavana", "AboutCatFinalProjectHuynhLavana\AboutCatFinalProjectHuynhLavana.csproj", "{8B50BBD1-8F39-4E1C-B219-CC18A32B9F41}"
EndProject
Global
	GlobalSection(SolutionConfigurationPlatforms) = preSolution
		Debug|Any CPU = Debug|Any CPU
		Release|Any CPU = Release|Any CPU
	EndGlobalSection
	GlobalSection(ProjectConfigurationPlatforms) = postSolution
		{8B50BBD1-8F39-4E1C-B219-CC18A32B9F41}.Debug|Any CPU.ActiveCfg = Debug|Any CPU
		{8B50BBD1-8F39-4E1C-B219-CC18A32B9F41}.Debug|Any CPU.Build.0 = Debug|Any CPU
		{8B50BBD1-8F39-4E1C-B219-CC18A32B9F41}.Release|Any CPU.ActiveCfg = Release|Any CPU
		{8B50BBD1-8F39-4E1C-B219-CC18A32B9F41}.Release|Any CPU.Build.0 = Release|Any CPU
	EndGlobalSection
	GlobalSection(SolutionProperties) = preSolution
		HideSolutionNode = FALSE
	EndGlobalSection
	GlobalSection(ExtensibilityGlobals) = postSolution
		SolutionGuid = {4404811B-315D-4C69-89E4-82083C4FC5D9}
	EndGlobalSection
EndGlobal
