
Microsoft Visual Studio Solution File, Format Version 12.00
# Visual Studio Version 17
VisualStudioVersion = 17.9.34728.123
MinimumVisualStudioVersion = 10.0.40219.1
Project("{9A19103F-16F7-4668-BE54-9A1E7A4F7556}") = "AboutCatFinalProjectHuynhLavana", "..\AboutCatFinalProjectHuynhLavana\AboutCatFinalProjectHuynhLavana.csproj", "{719FAA9F-D3E6-4895-92D1-410AE8CD798A}"
EndProject
Global
	GlobalSection(SolutionConfigurationPlatforms) = preSolution
		Debug|Any CPU = Debug|Any CPU
		Release|Any CPU = Release|Any CPU
	EndGlobalSection
	GlobalSection(ProjectConfigurationPlatforms) = postSolution
		{719FAA9F-D3E6-4895-92D1-410AE8CD798A}.Debug|Any CPU.ActiveCfg = Debug|Any CPU
		{719FAA9F-D3E6-4895-92D1-410AE8CD798A}.Debug|Any CPU.Build.0 = Debug|Any CPU
		{719FAA9F-D3E6-4895-92D1-410AE8CD798A}.Release|Any CPU.ActiveCfg = Release|Any CPU
		{719FAA9F-D3E6-4895-92D1-410AE8CD798A}.Release|Any CPU.Build.0 = Release|Any CPU
	EndGlobalSection
	GlobalSection(SolutionProperties) = preSolution
		HideSolutionNode = FALSE
	EndGlobalSection
	GlobalSection(ExtensibilityGlobals) = postSolution
		SolutionGuid = {3C575943-92BA-454C-8166-8D8F5F8D6DD1}
	EndGlobalSection
EndGlobal
